
Microsoft Visual Studio Solution File, Format Version 12.00
# Visual Studio 14
VisualStudioVersion = 14.0.24720.0
MinimumVisualStudioVersion = 10.0.40219.1
Project("{FAE04EC0-301F-11D3-BF4B-00C04F79EFBC}") = "WeatherApp", "WeatherApp\WeatherApp.csproj", "{FA72E8B4-3B86-4872-A78C-D09994D018A2}"
EndProject
Project("{8BC9CEB8-8B4A-11D0-8D11-00A0C91BC942}") = "DirectX11", "DirectX11\DirectX11.vcxproj", "{D99E2ECA-8E0B-45C2-9C83-7E1E6139E07F}"
EndProject
Global
	GlobalSection(SolutionConfigurationPlatforms) = preSolution
		Debug|ARM = Debug|ARM
		Debug|x64 = Debug|x64
		Debug|x86 = Debug|x86
		Release|ARM = Release|ARM
		Release|x64 = Release|x64
		Release|x86 = Release|x86
	EndGlobalSection
	GlobalSection(ProjectConfigurationPlatforms) = postSolution
		{FA72E8B4-3B86-4872-A78C-D09994D018A2}.Debug|ARM.ActiveCfg = Debug|ARM
		{FA72E8B4-3B86-4872-A78C-D09994D018A2}.Debug|ARM.Build.0 = Debug|ARM
		{FA72E8B4-3B86-4872-A78C-D09994D018A2}.Debug|ARM.Deploy.0 = Debug|ARM
		{FA72E8B4-3B86-4872-A78C-D09994D018A2}.Debug|x64.ActiveCfg = Debug|x64
		{FA72E8B4-3B86-4872-A78C-D09994D018A2}.Debug|x64.Build.0 = Debug|x64
		{FA72E8B4-3B86-4872-A78C-D09994D018A2}.Debug|x64.Deploy.0 = Debug|x64
		{FA72E8B4-3B86-4872-A78C-D09994D018A2}.Debug|x86.ActiveCfg = Debug|x86
		{FA72E8B4-3B86-4872-A78C-D09994D018A2}.Debug|x86.Build.0 = Debug|x86
		{FA72E8B4-3B86-4872-A78C-D09994D018A2}.Debug|x86.Deploy.0 = Debug|x86
		{FA72E8B4-3B86-4872-A78C-D09994D018A2}.Release|ARM.ActiveCfg = Release|ARM
		{FA72E8B4-3B86-4872-A78C-D09994D018A2}.Release|ARM.Build.0 = Release|ARM
		{FA72E8B4-3B86-4872-A78C-D09994D018A2}.Release|ARM.Deploy.0 = Release|ARM
		{FA72E8B4-3B86-4872-A78C-D09994D018A2}.Release|x64.ActiveCfg = Release|x64
		{FA72E8B4-3B86-4872-A78C-D09994D018A2}.Release|x64.Build.0 = Release|x64
		{FA72E8B4-3B86-4872-A78C-D09994D018A2}.Release|x64.Deploy.0 = Release|x64
		{FA72E8B4-3B86-4872-A78C-D09994D018A2}.Release|x86.ActiveCfg = Release|x86
		{FA72E8B4-3B86-4872-A78C-D09994D018A2}.Release|x86.Build.0 = Release|x86
		{FA72E8B4-3B86-4872-A78C-D09994D018A2}.Release|x86.Deploy.0 = Release|x86
		{D99E2ECA-8E0B-45C2-9C83-7E1E6139E07F}.Debug|ARM.ActiveCfg = Debug|ARM
		{D99E2ECA-8E0B-45C2-9C83-7E1E6139E07F}.Debug|ARM.Build.0 = Debug|ARM
		{D99E2ECA-8E0B-45C2-9C83-7E1E6139E07F}.Debug|ARM.Deploy.0 = Debug|ARM
		{D99E2ECA-8E0B-45C2-9C83-7E1E6139E07F}.Debug|x64.ActiveCfg = Debug|x64
		{D99E2ECA-8E0B-45C2-9C83-7E1E6139E07F}.Debug|x64.Build.0 = Debug|x64
		{D99E2ECA-8E0B-45C2-9C83-7E1E6139E07F}.Debug|x64.Deploy.0 = Debug|x64
		{D99E2ECA-8E0B-45C2-9C83-7E1E6139E07F}.Debug|x86.ActiveCfg = Debug|Win32
		{D99E2ECA-8E0B-45C2-9C83-7E1E6139E07F}.Debug|x86.Build.0 = Debug|Win32
		{D99E2ECA-8E0B-45C2-9C83-7E1E6139E07F}.Debug|x86.Deploy.0 = Debug|Win32
		{D99E2ECA-8E0B-45C2-9C83-7E1E6139E07F}.Release|ARM.ActiveCfg = Release|ARM
		{D99E2ECA-8E0B-45C2-9C83-7E1E6139E07F}.Release|ARM.Build.0 = Release|ARM
		{D99E2ECA-8E0B-45C2-9C83-7E1E6139E07F}.Release|ARM.Deploy.0 = Release|ARM
		{D99E2ECA-8E0B-45C2-9C83-7E1E6139E07F}.Release|x64.ActiveCfg = Release|x64
		{D99E2ECA-8E0B-45C2-9C83-7E1E6139E07F}.Release|x64.Build.0 = Release|x64
		{D99E2ECA-8E0B-45C2-9C83-7E1E6139E07F}.Release|x64.Deploy.0 = Release|x64
		{D99E2ECA-8E0B-45C2-9C83-7E1E6139E07F}.Release|x86.ActiveCfg = Release|Win32
		{D99E2ECA-8E0B-45C2-9C83-7E1E6139E07F}.Release|x86.Build.0 = Release|Win32
		{D99E2ECA-8E0B-45C2-9C83-7E1E6139E07F}.Release|x86.Deploy.0 = Release|Win32
	EndGlobalSection
	GlobalSection(SolutionProperties) = preSolution
		HideSolutionNode = FALSE
	EndGlobalSection
EndGlobal
