<?xml version="1.0" encoding="utf-8"?>
<Project ToolsVersion="4.0" xmlns="http://schemas.microsoft.com/developer/msbuild/2003">
  <ItemGroup>
    <Filter Include="Общие">
      <UniqueIdentifier>d99e2eca-8e0b-45c2-9c83-7e1e6139e07f</UniqueIdentifier>
    </Filter>
    <Filter Include="Активы">
      <UniqueIdentifier>920da081-f49c-41eb-9e11-5bab9e24309a</UniqueIdentifier>
      <Extensions>bmp;fbx;gif;jpg;jpeg;tga;tiff;tif;png</Extensions>
    </Filter>
	<Filter Include="Содержимое">
      <UniqueIdentifier>b9eebfc8-b15d-4008-9e4b-14c95c8e603a</UniqueIdentifier>
    </Filter>
    <ClInclude Include="Common\DirectXHelper.h">
      <Filter>Общие</Filter>
    </ClInclude>
	<ClInclude Include="Common\StepTimer.h">
      <Filter>Общие</Filter>
    </ClInclude>
    <ClInclude Include="Common\DeviceResources.h">
      <Filter>Общие</Filter>
    </ClInclude>
    <ClCompile Include="Common\DeviceResources.cpp">
      <Filter>Общие</Filter>
    </ClCompile>
	<ClInclude Include="Content\Sample3DSceneRenderer.h">
      <Filter>Содержимое</Filter>
    </ClInclude>
    <ClInclude Include="Content\SampleFpsTextRenderer.h">
      <Filter>Содержимое</Filter>
    </ClInclude>
    <ClInclude Include="Content\ShaderStructures.h">
      <Filter>Содержимое</Filter>
    </ClInclude>
	<ClCompile Include="Content\Sample3DSceneRenderer.cpp">
      <Filter>Содержимое</Filter>
    </ClCompile>
    <ClCompile Include="Content\SampleFpsTextRenderer.cpp">
      <Filter>Содержимое</Filter>
    </ClCompile>
	<FxCompile Include="Content\SamplePixelShader.hlsl">
      <Filter>Содержимое</Filter>
    </FxCompile>
    <FxCompile Include="Content\SampleVertexShader.hlsl">
      <Filter>Содержимое</Filter>
    </FxCompile>
    <Image Include="Assets\LockScreenLogo.scale-200.png">
      <Filter>Активы</Filter>
    </Image>
    <Image Include="Assets\SplashScreen.scale-200.png">
      <Filter>Активы</Filter>
    </Image>
    <Image Include="Assets\Square150x150Logo.scale-200.png">
      <Filter>Активы</Filter>
    </Image>
    <Image Include="Assets\Square44x44Logo.scale-200.png">
      <Filter>Активы</Filter>
    </Image>
    <Image Include="Assets\Square44x44Logo.targetsize-24_altform-unplated.png">
      <Filter>Активы</Filter>
    </Image>
    <Image Include="Assets\Wide310x150Logo.scale-200.png">
      <Filter>Активы</Filter>
    </Image>
  </ItemGroup>
</Project>